// !$*UTF8*$!
{
	archiveVersion = 1;
	classes = {
	};
	objectVersion = 60;
	objects = {

/* Begin PBXBuildFile section */
		133ABB9E2D0A208100071D7B /* CustomNavigationController.swift in Sources */ = {isa = PBXBuildFile; fileRef = 139BCA432D09CBA00056AE37 /* CustomNavigationController.swift */; };
		133ABB9F2D0A208100071D7B /* Action.swift in Sources */ = {isa = PBXBuildFile; fileRef = 139BCA562D09EA040056AE37 /* Action.swift */; };
		133ABBA02D0A208100071D7B /* UIViewController+Extension.swift in Sources */ = {isa = PBXBuildFile; fileRef = 139BCA502D09CF400056AE37 /* UIViewController+Extension.swift */; };
		133ABBA12D0A208100071D7B /* UIView+Extension.swift in Sources */ = {isa = PBXBuildFile; fileRef = 139BCA5E2D09ED330056AE37 /* UIView+Extension.swift */; };
		133ABBA22D0A208100071D7B /* SwiftUIViewController.swift in Sources */ = {isa = PBXBuildFile; fileRef = 139BCA482D09CC9B0056AE37 /* SwiftUIViewController.swift */; };
		133ABBA32D0A208100071D7B /* ViewController.swift in Sources */ = {isa = PBXBuildFile; fileRef = 139BCA2E2D09CA290056AE37 /* ViewController.swift */; };
		133ABBA42D0A208100071D7B /* WebViewController.swift in Sources */ = {isa = PBXBuildFile; fileRef = 139BCA4A2D09CDD50056AE37 /* WebViewController.swift */; };
		133ABBA52D0A208100071D7B /* BaseViewController.swift in Sources */ = {isa = PBXBuildFile; fileRef = 139BCA532D09D4CA0056AE37 /* BaseViewController.swift */; };
		133ABBA62D0A208100071D7B /* UIColor+Extension.swift in Sources */ = {isa = PBXBuildFile; fileRef = 139BCA5C2D09EB3C0056AE37 /* UIColor+Extension.swift */; };
		133ABBA72D0A208100071D7B /* SwiftUIView.swift in Sources */ = {isa = PBXBuildFile; fileRef = 139BCA4E2D09CE630056AE37 /* SwiftUIView.swift */; };
		133ABBA82D0A208100071D7B /* AppDelegate.swift in Sources */ = {isa = PBXBuildFile; fileRef = 139BCA2A2D09CA290056AE37 /* AppDelegate.swift */; };
		133ABBA92D0A208100071D7B /* CustomTabBarController.swift in Sources */ = {isa = PBXBuildFile; fileRef = 139BCA412D09CB640056AE37 /* CustomTabBarController.swift */; };
		133ABBAA2D0A208100071D7B /* PerformanceTest.xcdatamodeld in Sources */ = {isa = PBXBuildFile; fileRef = 139BCA332D09CA290056AE37 /* PerformanceTest.xcdatamodeld */; };
		133ABBAB2D0A208100071D7B /* SceneDelegate.swift in Sources */ = {isa = PBXBuildFile; fileRef = 139BCA2C2D09CA290056AE37 /* SceneDelegate.swift */; };
		133ABBAC2D0A208100071D7B /* ContainerYViewController.swift in Sources */ = {isa = PBXBuildFile; fileRef = 139BCA4C2D09CDE20056AE37 /* ContainerYViewController.swift */; };
		133ABBB02D0A208100071D7B /* LaunchScreen.storyboard in Resources */ = {isa = PBXBuildFile; fileRef = 139BCA382D09CA2B0056AE37 /* LaunchScreen.storyboard */; };
		133ABBB12D0A208100071D7B /* Assets.xcassets in Resources */ = {isa = PBXBuildFile; fileRef = 139BCA362D09CA2B0056AE37 /* Assets.xcassets */; };
		133ABBB22D0A208100071D7B /* Main.storyboard in Resources */ = {isa = PBXBuildFile; fileRef = 139BCA302D09CA290056AE37 /* Main.storyboard */; };
		133ABBBC2D0A208C00071D7B /* CustomNavigationController.swift in Sources */ = {isa = PBXBuildFile; fileRef = 139BCA432D09CBA00056AE37 /* CustomNavigationController.swift */; };
		133ABBBD2D0A208C00071D7B /* Action.swift in Sources */ = {isa = PBXBuildFile; fileRef = 139BCA562D09EA040056AE37 /* Action.swift */; };
		133ABBBE2D0A208C00071D7B /* UIViewController+Extension.swift in Sources */ = {isa = PBXBuildFile; fileRef = 139BCA502D09CF400056AE37 /* UIViewController+Extension.swift */; };
		133ABBBF2D0A208C00071D7B /* UIView+Extension.swift in Sources */ = {isa = PBXBuildFile; fileRef = 139BCA5E2D09ED330056AE37 /* UIView+Extension.swift */; };
		133ABBC02D0A208C00071D7B /* SwiftUIViewController.swift in Sources */ = {isa = PBXBuildFile; fileRef = 139BCA482D09CC9B0056AE37 /* SwiftUIViewController.swift */; };
		133ABBC12D0A208C00071D7B /* ViewController.swift in Sources */ = {isa = PBXBuildFile; fileRef = 139BCA2E2D09CA290056AE37 /* ViewController.swift */; };
		133ABBC22D0A208C00071D7B /* WebViewController.swift in Sources */ = {isa = PBXBuildFile; fileRef = 139BCA4A2D09CDD50056AE37 /* WebViewController.swift */; };
		133ABBC32D0A208C00071D7B /* BaseViewController.swift in Sources */ = {isa = PBXBuildFile; fileRef = 139BCA532D09D4CA0056AE37 /* BaseViewController.swift */; };
		133ABBC42D0A208C00071D7B /* UIColor+Extension.swift in Sources */ = {isa = PBXBuildFile; fileRef = 139BCA5C2D09EB3C0056AE37 /* UIColor+Extension.swift */; };
		133ABBC52D0A208C00071D7B /* SwiftUIView.swift in Sources */ = {isa = PBXBuildFile; fileRef = 139BCA4E2D09CE630056AE37 /* SwiftUIView.swift */; };
		133ABBC62D0A208C00071D7B /* AppDelegate.swift in Sources */ = {isa = PBXBuildFile; fileRef = 139BCA2A2D09CA290056AE37 /* AppDelegate.swift */; };
		133ABBC72D0A208C00071D7B /* CustomTabBarController.swift in Sources */ = {isa = PBXBuildFile; fileRef = 139BCA412D09CB640056AE37 /* CustomTabBarController.swift */; };
		133ABBC82D0A208C00071D7B /* PerformanceTest.xcdatamodeld in Sources */ = {isa = PBXBuildFile; fileRef = 139BCA332D09CA290056AE37 /* PerformanceTest.xcdatamodeld */; };
		133ABBC92D0A208C00071D7B /* SceneDelegate.swift in Sources */ = {isa = PBXBuildFile; fileRef = 139BCA2C2D09CA290056AE37 /* SceneDelegate.swift */; };
		133ABBCA2D0A208C00071D7B /* ContainerYViewController.swift in Sources */ = {isa = PBXBuildFile; fileRef = 139BCA4C2D09CDE20056AE37 /* ContainerYViewController.swift */; };
		133ABBCE2D0A208C00071D7B /* LaunchScreen.storyboard in Resources */ = {isa = PBXBuildFile; fileRef = 139BCA382D09CA2B0056AE37 /* LaunchScreen.storyboard */; };
		133ABBCF2D0A208C00071D7B /* Assets.xcassets in Resources */ = {isa = PBXBuildFile; fileRef = 139BCA362D09CA2B0056AE37 /* Assets.xcassets */; };
		133ABBD02D0A208C00071D7B /* Main.storyboard in Resources */ = {isa = PBXBuildFile; fileRef = 139BCA302D09CA290056AE37 /* Main.storyboard */; };
		133ABBDA2D0A20A500071D7B /* CustomNavigationController.swift in Sources */ = {isa = PBXBuildFile; fileRef = 139BCA432D09CBA00056AE37 /* CustomNavigationController.swift */; };
		133ABBDB2D0A20A500071D7B /* Action.swift in Sources */ = {isa = PBXBuildFile; fileRef = 139BCA562D09EA040056AE37 /* Action.swift */; };
		133ABBDC2D0A20A500071D7B /* UIViewController+Extension.swift in Sources */ = {isa = PBXBuildFile; fileRef = 139BCA502D09CF400056AE37 /* UIViewController+Extension.swift */; };
		133ABBDD2D0A20A500071D7B /* UIView+Extension.swift in Sources */ = {isa = PBXBuildFile; fileRef = 139BCA5E2D09ED330056AE37 /* UIView+Extension.swift */; };
		133ABBDE2D0A20A500071D7B /* SwiftUIViewController.swift in Sources */ = {isa = PBXBuildFile; fileRef = 139BCA482D09CC9B0056AE37 /* SwiftUIViewController.swift */; };
		133ABBDF2D0A20A500071D7B /* ViewController.swift in Sources */ = {isa = PBXBuildFile; fileRef = 139BCA2E2D09CA290056AE37 /* ViewController.swift */; };
		133ABBE02D0A20A500071D7B /* WebViewController.swift in Sources */ = {isa = PBXBuildFile; fileRef = 139BCA4A2D09CDD50056AE37 /* WebViewController.swift */; };
		133ABBE12D0A20A500071D7B /* BaseViewController.swift in Sources */ = {isa = PBXBuildFile; fileRef = 139BCA532D09D4CA0056AE37 /* BaseViewController.swift */; };
		133ABBE22D0A20A500071D7B /* UIColor+Extension.swift in Sources */ = {isa = PBXBuildFile; fileRef = 139BCA5C2D09EB3C0056AE37 /* UIColor+Extension.swift */; };
		133ABBE32D0A20A500071D7B /* SwiftUIView.swift in Sources */ = {isa = PBXBuildFile; fileRef = 139BCA4E2D09CE630056AE37 /* SwiftUIView.swift */; };
		133ABBE42D0A20A500071D7B /* AppDelegate.swift in Sources */ = {isa = PBXBuildFile; fileRef = 139BCA2A2D09CA290056AE37 /* AppDelegate.swift */; };
		133ABBE52D0A20A500071D7B /* CustomTabBarController.swift in Sources */ = {isa = PBXBuildFile; fileRef = 139BCA412D09CB640056AE37 /* CustomTabBarController.swift */; };
		133ABBE62D0A20A500071D7B /* PerformanceTest.xcdatamodeld in Sources */ = {isa = PBXBuildFile; fileRef = 139BCA332D09CA290056AE37 /* PerformanceTest.xcdatamodeld */; };
		133ABBE72D0A20A500071D7B /* SceneDelegate.swift in Sources */ = {isa = PBXBuildFile; fileRef = 139BCA2C2D09CA290056AE37 /* SceneDelegate.swift */; };
		133ABBE82D0A20A500071D7B /* ContainerYViewController.swift in Sources */ = {isa = PBXBuildFile; fileRef = 139BCA4C2D09CDE20056AE37 /* ContainerYViewController.swift */; };
		133ABBEC2D0A20A500071D7B /* LaunchScreen.storyboard in Resources */ = {isa = PBXBuildFile; fileRef = 139BCA382D09CA2B0056AE37 /* LaunchScreen.storyboard */; };
		133ABBED2D0A20A500071D7B /* Assets.xcassets in Resources */ = {isa = PBXBuildFile; fileRef = 139BCA362D09CA2B0056AE37 /* Assets.xcassets */; };
		133ABBEE2D0A20A500071D7B /* Main.storyboard in Resources */ = {isa = PBXBuildFile; fileRef = 139BCA302D09CA290056AE37 /* Main.storyboard */; };
		139BCA2B2D09CA290056AE37 /* AppDelegate.swift in Sources */ = {isa = PBXBuildFile; fileRef = 139BCA2A2D09CA290056AE37 /* AppDelegate.swift */; };
		139BCA2D2D09CA290056AE37 /* SceneDelegate.swift in Sources */ = {isa = PBXBuildFile; fileRef = 139BCA2C2D09CA290056AE37 /* SceneDelegate.swift */; };
		139BCA2F2D09CA290056AE37 /* ViewController.swift in Sources */ = {isa = PBXBuildFile; fileRef = 139BCA2E2D09CA290056AE37 /* ViewController.swift */; };
		139BCA322D09CA290056AE37 /* Main.storyboard in Resources */ = {isa = PBXBuildFile; fileRef = 139BCA302D09CA290056AE37 /* Main.storyboard */; };
		139BCA352D09CA290056AE37 /* PerformanceTest.xcdatamodeld in Sources */ = {isa = PBXBuildFile; fileRef = 139BCA332D09CA290056AE37 /* PerformanceTest.xcdatamodeld */; };
		139BCA372D09CA2B0056AE37 /* Assets.xcassets in Resources */ = {isa = PBXBuildFile; fileRef = 139BCA362D09CA2B0056AE37 /* Assets.xcassets */; };
		139BCA3A2D09CA2B0056AE37 /* LaunchScreen.storyboard in Resources */ = {isa = PBXBuildFile; fileRef = 139BCA382D09CA2B0056AE37 /* LaunchScreen.storyboard */; };
		139BCA422D09CB640056AE37 /* CustomTabBarController.swift in Sources */ = {isa = PBXBuildFile; fileRef = 139BCA412D09CB640056AE37 /* CustomTabBarController.swift */; };
		139BCA442D09CBA00056AE37 /* CustomNavigationController.swift in Sources */ = {isa = PBXBuildFile; fileRef = 139BCA432D09CBA00056AE37 /* CustomNavigationController.swift */; };
		139BCA492D09CC9B0056AE37 /* SwiftUIViewController.swift in Sources */ = {isa = PBXBuildFile; fileRef = 139BCA482D09CC9B0056AE37 /* SwiftUIViewController.swift */; };
		139BCA4B2D09CDD50056AE37 /* WebViewController.swift in Sources */ = {isa = PBXBuildFile; fileRef = 139BCA4A2D09CDD50056AE37 /* WebViewController.swift */; };
		139BCA4D2D09CDE20056AE37 /* ContainerYViewController.swift in Sources */ = {isa = PBXBuildFile; fileRef = 139BCA4C2D09CDE20056AE37 /* ContainerYViewController.swift */; };
		139BCA4F2D09CE630056AE37 /* SwiftUIView.swift in Sources */ = {isa = PBXBuildFile; fileRef = 139BCA4E2D09CE630056AE37 /* SwiftUIView.swift */; };
		139BCA512D09CF400056AE37 /* UIViewController+Extension.swift in Sources */ = {isa = PBXBuildFile; fileRef = 139BCA502D09CF400056AE37 /* UIViewController+Extension.swift */; };
		139BCA542D09D4CA0056AE37 /* BaseViewController.swift in Sources */ = {isa = PBXBuildFile; fileRef = 139BCA532D09D4CA0056AE37 /* BaseViewController.swift */; };
		139BCA572D09EA040056AE37 /* Action.swift in Sources */ = {isa = PBXBuildFile; fileRef = 139BCA562D09EA040056AE37 /* Action.swift */; };
		139BCA5D2D09EB3C0056AE37 /* UIColor+Extension.swift in Sources */ = {isa = PBXBuildFile; fileRef = 139BCA5C2D09EB3C0056AE37 /* UIColor+Extension.swift */; };
		139BCA5F2D09ED330056AE37 /* UIView+Extension.swift in Sources */ = {isa = PBXBuildFile; fileRef = 139BCA5E2D09ED330056AE37 /* UIView+Extension.swift */; };
		13B791882D0CAF9800939E5C /* BugsnagWrapper in Frameworks */ = {isa = PBXBuildFile; productRef = 13B791872D0CAF9800939E5C /* BugsnagWrapper */; };
		13B7918A2D0CAF9800939E5C /* DatadogWrapper in Frameworks */ = {isa = PBXBuildFile; productRef = 13B791892D0CAF9800939E5C /* DatadogWrapper */; };
		13B7918C2D0CAF9800939E5C /* EmbraceWrapper in Frameworks */ = {isa = PBXBuildFile; productRef = 13B7918B2D0CAF9800939E5C /* EmbraceWrapper */; };
		13B7918E2D0CAF9800939E5C /* InstabugWrapper in Frameworks */ = {isa = PBXBuildFile; productRef = 13B7918D2D0CAF9800939E5C /* InstabugWrapper */; };
/* End PBXBuildFile section */

/* Begin PBXFileReference section */
		133ABB982D0A109600071D7B /* ConfigDEBUG.xcconfig */ = {isa = PBXFileReference; lastKnownFileType = text.xcconfig; path = ConfigDEBUG.xcconfig; sourceTree = "<group>"; };
		133ABB992D0A198900071D7B /* ConfigRELEASE.xcconfig */ = {isa = PBXFileReference; lastKnownFileType = text.xcconfig; path = ConfigRELEASE.xcconfig; sourceTree = "<group>"; };
		133ABBB62D0A208100071D7B /* PerformanceTest_Datadog.app */ = {isa = PBXFileReference; explicitFileType = wrapper.application; includeInIndex = 0; path = PerformanceTest_Datadog.app; sourceTree = BUILT_PRODUCTS_DIR; };
		133ABBD42D0A208C00071D7B /* PerformanceTest_Embrace.app */ = {isa = PBXFileReference; explicitFileType = wrapper.application; includeInIndex = 0; path = PerformanceTest_Embrace.app; sourceTree = BUILT_PRODUCTS_DIR; };
		133ABBF22D0A20A500071D7B /* PerformanceTest_Instabug.app */ = {isa = PBXFileReference; explicitFileType = wrapper.application; includeInIndex = 0; path = PerformanceTest_Instabug.app; sourceTree = BUILT_PRODUCTS_DIR; };
		133ABBF52D0A222F00071D7B /* PerformanceTest-Datadog-Info.plist */ = {isa = PBXFileReference; lastKnownFileType = text.plist.xml; path = "PerformanceTest-Datadog-Info.plist"; sourceTree = "<group>"; };
		133ABBF62D0A222F00071D7B /* PerformanceTest-Instabug-Info.plist */ = {isa = PBXFileReference; lastKnownFileType = text.plist.xml; path = "PerformanceTest-Instabug-Info.plist"; sourceTree = "<group>"; };
		133ABBF72D0A222F00071D7B /* PerformanceTest-Bugsnag-Info.plist */ = {isa = PBXFileReference; lastKnownFileType = text.plist.xml; path = "PerformanceTest-Bugsnag-Info.plist"; sourceTree = "<group>"; };
		133ABBF82D0A223000071D7B /* PerformanceTest-Embrace-Info.plist */ = {isa = PBXFileReference; lastKnownFileType = text.plist.xml; path = "PerformanceTest-Embrace-Info.plist"; sourceTree = "<group>"; };
		139BCA272D09CA290056AE37 /* PerformanceTest_Bugsnag.app */ = {isa = PBXFileReference; explicitFileType = wrapper.application; includeInIndex = 0; path = PerformanceTest_Bugsnag.app; sourceTree = BUILT_PRODUCTS_DIR; };
		139BCA2A2D09CA290056AE37 /* AppDelegate.swift */ = {isa = PBXFileReference; lastKnownFileType = sourcecode.swift; path = AppDelegate.swift; sourceTree = "<group>"; };
		139BCA2C2D09CA290056AE37 /* SceneDelegate.swift */ = {isa = PBXFileReference; lastKnownFileType = sourcecode.swift; path = SceneDelegate.swift; sourceTree = "<group>"; };
		139BCA2E2D09CA290056AE37 /* ViewController.swift */ = {isa = PBXFileReference; lastKnownFileType = sourcecode.swift; path = ViewController.swift; sourceTree = "<group>"; };
		139BCA312D09CA290056AE37 /* Base */ = {isa = PBXFileReference; lastKnownFileType = file.storyboard; name = Base; path = Base.lproj/Main.storyboard; sourceTree = "<group>"; };
		139BCA342D09CA290056AE37 /* PerformanceTest.xcdatamodel */ = {isa = PBXFileReference; lastKnownFileType = wrapper.xcdatamodel; path = PerformanceTest.xcdatamodel; sourceTree = "<group>"; };
		139BCA362D09CA2B0056AE37 /* Assets.xcassets */ = {isa = PBXFileReference; lastKnownFileType = folder.assetcatalog; path = Assets.xcassets; sourceTree = "<group>"; };
		139BCA392D09CA2B0056AE37 /* Base */ = {isa = PBXFileReference; lastKnownFileType = file.storyboard; name = Base; path = Base.lproj/LaunchScreen.storyboard; sourceTree = "<group>"; };
		139BCA412D09CB640056AE37 /* CustomTabBarController.swift */ = {isa = PBXFileReference; lastKnownFileType = sourcecode.swift; path = CustomTabBarController.swift; sourceTree = "<group>"; };
		139BCA432D09CBA00056AE37 /* CustomNavigationController.swift */ = {isa = PBXFileReference; lastKnownFileType = sourcecode.swift; path = CustomNavigationController.swift; sourceTree = "<group>"; };
		139BCA482D09CC9B0056AE37 /* SwiftUIViewController.swift */ = {isa = PBXFileReference; lastKnownFileType = sourcecode.swift; path = SwiftUIViewController.swift; sourceTree = "<group>"; };
		139BCA4A2D09CDD50056AE37 /* WebViewController.swift */ = {isa = PBXFileReference; lastKnownFileType = sourcecode.swift; path = WebViewController.swift; sourceTree = "<group>"; };
		139BCA4C2D09CDE20056AE37 /* ContainerYViewController.swift */ = {isa = PBXFileReference; lastKnownFileType = sourcecode.swift; path = ContainerYViewController.swift; sourceTree = "<group>"; };
		139BCA4E2D09CE630056AE37 /* SwiftUIView.swift */ = {isa = PBXFileReference; lastKnownFileType = sourcecode.swift; path = SwiftUIView.swift; sourceTree = "<group>"; };
		139BCA502D09CF400056AE37 /* UIViewController+Extension.swift */ = {isa = PBXFileReference; lastKnownFileType = sourcecode.swift; path = "UIViewController+Extension.swift"; sourceTree = "<group>"; };
		139BCA532D09D4CA0056AE37 /* BaseViewController.swift */ = {isa = PBXFileReference; lastKnownFileType = sourcecode.swift; path = BaseViewController.swift; sourceTree = "<group>"; };
		139BCA562D09EA040056AE37 /* Action.swift */ = {isa = PBXFileReference; lastKnownFileType = sourcecode.swift; path = Action.swift; sourceTree = "<group>"; };
		139BCA5C2D09EB3C0056AE37 /* UIColor+Extension.swift */ = {isa = PBXFileReference; lastKnownFileType = sourcecode.swift; path = "UIColor+Extension.swift"; sourceTree = "<group>"; };
		139BCA5E2D09ED330056AE37 /* UIView+Extension.swift */ = {isa = PBXFileReference; lastKnownFileType = sourcecode.swift; path = "UIView+Extension.swift"; sourceTree = "<group>"; };
/* End PBXFileReference section */

/* Begin PBXFrameworksBuildPhase section */
		133ABBAD2D0A208100071D7B /* Frameworks */ = {
			isa = PBXFrameworksBuildPhase;
			buildActionMask = 2147483647;
			files = (
				13B7918A2D0CAF9800939E5C /* DatadogWrapper in Frameworks */,
			);
			runOnlyForDeploymentPostprocessing = 0;
		};
		133ABBCB2D0A208C00071D7B /* Frameworks */ = {
			isa = PBXFrameworksBuildPhase;
			buildActionMask = 2147483647;
			files = (
				13B7918C2D0CAF9800939E5C /* EmbraceWrapper in Frameworks */,
			);
			runOnlyForDeploymentPostprocessing = 0;
		};
		133ABBE92D0A20A500071D7B /* Frameworks */ = {
			isa = PBXFrameworksBuildPhase;
			buildActionMask = 2147483647;
			files = (
				13B7918E2D0CAF9800939E5C /* InstabugWrapper in Frameworks */,
			);
			runOnlyForDeploymentPostprocessing = 0;
		};
		139BCA242D09CA290056AE37 /* Frameworks */ = {
			isa = PBXFrameworksBuildPhase;
			buildActionMask = 2147483647;
			files = (
				13B791882D0CAF9800939E5C /* BugsnagWrapper in Frameworks */,
			);
			runOnlyForDeploymentPostprocessing = 0;
		};
/* End PBXFrameworksBuildPhase section */

/* Begin PBXGroup section */
		133ABBF92D0A223400071D7B /* Target Info plist */ = {
			isa = PBXGroup;
			children = (
				133ABBF72D0A222F00071D7B /* PerformanceTest-Bugsnag-Info.plist */,
				133ABBF52D0A222F00071D7B /* PerformanceTest-Datadog-Info.plist */,
				133ABBF82D0A223000071D7B /* PerformanceTest-Embrace-Info.plist */,
				133ABBF62D0A222F00071D7B /* PerformanceTest-Instabug-Info.plist */,
			);
			name = "Target Info plist";
			sourceTree = "<group>";
		};
		133ABBFA2D0A226200071D7B /* Build Configuration */ = {
			isa = PBXGroup;
			children = (
				133ABB982D0A109600071D7B /* ConfigDEBUG.xcconfig */,
				133ABB992D0A198900071D7B /* ConfigRELEASE.xcconfig */,
			);
			name = "Build Configuration";
			sourceTree = "<group>";
		};
		139BCA1E2D09CA290056AE37 = {
			isa = PBXGroup;
			children = (
				139BCA292D09CA290056AE37 /* PerformanceTest */,
				139BCA282D09CA290056AE37 /* Products */,
			);
			sourceTree = "<group>";
		};
		139BCA282D09CA290056AE37 /* Products */ = {
			isa = PBXGroup;
			children = (
				139BCA272D09CA290056AE37 /* PerformanceTest_Bugsnag.app */,
				133ABBB62D0A208100071D7B /* PerformanceTest_Datadog.app */,
				133ABBD42D0A208C00071D7B /* PerformanceTest_Embrace.app */,
				133ABBF22D0A20A500071D7B /* PerformanceTest_Instabug.app */,
			);
			name = Products;
			sourceTree = "<group>";
		};
		139BCA292D09CA290056AE37 /* PerformanceTest */ = {
			isa = PBXGroup;
			children = (
				139BCA2A2D09CA290056AE37 /* AppDelegate.swift */,
				139BCA2C2D09CA290056AE37 /* SceneDelegate.swift */,
				139BCA472D09CC740056AE37 /* Controllers */,
				139BCA5B2D09EB0E0056AE37 /* Storyboards */,
				139BCA362D09CA2B0056AE37 /* Assets.xcassets */,
				139BCA332D09CA290056AE37 /* PerformanceTest.xcdatamodeld */,
				133ABBFA2D0A226200071D7B /* Build Configuration */,
				133ABBF92D0A223400071D7B /* Target Info plist */,
			);
			path = PerformanceTest;
			sourceTree = "<group>";
		};
		139BCA472D09CC740056AE37 /* Controllers */ = {
			isa = PBXGroup;
			children = (
				139BCA5A2D09EAF80056AE37 /* Extensions */,
				139BCA522D09D3ED0056AE37 /* Root Controllers */,
				139BCA592D09EAD20056AE37 /* View */,
				139BCA582D09EAC40056AE37 /* ViewControllers */,
				139BCA552D09E9F70056AE37 /* Action */,
			);
			path = Controllers;
			sourceTree = "<group>";
		};
		139BCA522D09D3ED0056AE37 /* Root Controllers */ = {
			isa = PBXGroup;
			children = (
				139BCA412D09CB640056AE37 /* CustomTabBarController.swift */,
				139BCA432D09CBA00056AE37 /* CustomNavigationController.swift */,
				139BCA532D09D4CA0056AE37 /* BaseViewController.swift */,
			);
			path = "Root Controllers";
			sourceTree = "<group>";
		};
		139BCA552D09E9F70056AE37 /* Action */ = {
			isa = PBXGroup;
			children = (
				139BCA562D09EA040056AE37 /* Action.swift */,
			);
			path = Action;
			sourceTree = "<group>";
		};
		139BCA582D09EAC40056AE37 /* ViewControllers */ = {
			isa = PBXGroup;
			children = (
				139BCA2E2D09CA290056AE37 /* ViewController.swift */,
				139BCA482D09CC9B0056AE37 /* SwiftUIViewController.swift */,
				139BCA4A2D09CDD50056AE37 /* WebViewController.swift */,
				139BCA4C2D09CDE20056AE37 /* ContainerYViewController.swift */,
			);
			path = ViewControllers;
			sourceTree = "<group>";
		};
		139BCA592D09EAD20056AE37 /* View */ = {
			isa = PBXGroup;
			children = (
				139BCA4E2D09CE630056AE37 /* SwiftUIView.swift */,
			);
			path = View;
			sourceTree = "<group>";
		};
		139BCA5A2D09EAF80056AE37 /* Extensions */ = {
			isa = PBXGroup;
			children = (
				139BCA502D09CF400056AE37 /* UIViewController+Extension.swift */,
				139BCA5C2D09EB3C0056AE37 /* UIColor+Extension.swift */,
				139BCA5E2D09ED330056AE37 /* UIView+Extension.swift */,
			);
			path = Extensions;
			sourceTree = "<group>";
		};
		139BCA5B2D09EB0E0056AE37 /* Storyboards */ = {
			isa = PBXGroup;
			children = (
				139BCA302D09CA290056AE37 /* Main.storyboard */,
				139BCA382D09CA2B0056AE37 /* LaunchScreen.storyboard */,
			);
			path = Storyboards;
			sourceTree = "<group>";
		};
/* End PBXGroup section */

/* Begin PBXNativeTarget section */
		133ABB9A2D0A208100071D7B /* PerformanceTest_Datadog */ = {
			isa = PBXNativeTarget;
			buildConfigurationList = 133ABBB32D0A208100071D7B /* Build configuration list for PBXNativeTarget "PerformanceTest_Datadog" */;
			buildPhases = (
				133ABB9D2D0A208100071D7B /* Sources */,
				133ABBAD2D0A208100071D7B /* Frameworks */,
				133ABBAF2D0A208100071D7B /* Resources */,
			);
			buildRules = (
			);
			dependencies = (
			);
			name = PerformanceTest_Datadog;
			packageProductDependencies = (
				13B791892D0CAF9800939E5C /* DatadogWrapper */,
			);
			productName = PerformanceTest;
			productReference = 133ABBB62D0A208100071D7B /* PerformanceTest_Datadog.app */;
			productType = "com.apple.product-type.application";
		};
		133ABBB82D0A208C00071D7B /* PerformanceTest_Embrace */ = {
			isa = PBXNativeTarget;
			buildConfigurationList = 133ABBD12D0A208C00071D7B /* Build configuration list for PBXNativeTarget "PerformanceTest_Embrace" */;
			buildPhases = (
				133ABBBB2D0A208C00071D7B /* Sources */,
				133ABBCB2D0A208C00071D7B /* Frameworks */,
				133ABBCD2D0A208C00071D7B /* Resources */,
			);
			buildRules = (
			);
			dependencies = (
			);
			name = PerformanceTest_Embrace;
			packageProductDependencies = (
				13B7918B2D0CAF9800939E5C /* EmbraceWrapper */,
			);
			productName = PerformanceTest;
			productReference = 133ABBD42D0A208C00071D7B /* PerformanceTest_Embrace.app */;
			productType = "com.apple.product-type.application";
		};
		133ABBD62D0A20A500071D7B /* PerformanceTest_Instabug */ = {
			isa = PBXNativeTarget;
			buildConfigurationList = 133ABBEF2D0A20A500071D7B /* Build configuration list for PBXNativeTarget "PerformanceTest_Instabug" */;
			buildPhases = (
				133ABBD92D0A20A500071D7B /* Sources */,
				133ABBE92D0A20A500071D7B /* Frameworks */,
				133ABBEB2D0A20A500071D7B /* Resources */,
			);
			buildRules = (
			);
			dependencies = (
			);
			name = PerformanceTest_Instabug;
			packageProductDependencies = (
				13B7918D2D0CAF9800939E5C /* InstabugWrapper */,
			);
			productName = PerformanceTest;
			productReference = 133ABBF22D0A20A500071D7B /* PerformanceTest_Instabug.app */;
			productType = "com.apple.product-type.application";
		};
		139BCA262D09CA290056AE37 /* PerformanceTest_Bugsnag */ = {
			isa = PBXNativeTarget;
			buildConfigurationList = 139BCA3E2D09CA2B0056AE37 /* Build configuration list for PBXNativeTarget "PerformanceTest_Bugsnag" */;
			buildPhases = (
				139BCA232D09CA290056AE37 /* Sources */,
				139BCA242D09CA290056AE37 /* Frameworks */,
				139BCA252D09CA290056AE37 /* Resources */,
			);
			buildRules = (
			);
			dependencies = (
			);
			name = PerformanceTest_Bugsnag;
			packageProductDependencies = (
				13B791872D0CAF9800939E5C /* BugsnagWrapper */,
			);
			productName = PerformanceTest;
			productReference = 139BCA272D09CA290056AE37 /* PerformanceTest_Bugsnag.app */;
			productType = "com.apple.product-type.application";
		};
/* End PBXNativeTarget section */

/* Begin PBXProject section */
		139BCA1F2D09CA290056AE37 /* Project object */ = {
			isa = PBXProject;
			attributes = {
				BuildIndependentTargetsInParallel = 1;
				LastSwiftUpdateCheck = 1500;
				LastUpgradeCheck = 1500;
				TargetAttributes = {
					139BCA262D09CA290056AE37 = {
						CreatedOnToolsVersion = 15.0;
					};
				};
			};
			buildConfigurationList = 139BCA222D09CA290056AE37 /* Build configuration list for PBXProject "PerformanceTest" */;
			compatibilityVersion = "Xcode 14.0";
			developmentRegion = en;
			hasScannedForEncodings = 0;
			knownRegions = (
				en,
				Base,
			);
			mainGroup = 139BCA1E2D09CA290056AE37;
			packageReferences = (
				13B791862D0CAF9800939E5C /* XCLocalSwiftPackageReference "../../RUMWrapper" */,
			);
			productRefGroup = 139BCA282D09CA290056AE37 /* Products */;
			projectDirPath = "";
			projectRoot = "";
			targets = (
				139BCA262D09CA290056AE37 /* PerformanceTest_Bugsnag */,
				133ABB9A2D0A208100071D7B /* PerformanceTest_Datadog */,
				133ABBB82D0A208C00071D7B /* PerformanceTest_Embrace */,
				133ABBD62D0A20A500071D7B /* PerformanceTest_Instabug */,
			);
		};
/* End PBXProject section */

/* Begin PBXResourcesBuildPhase section */
		133ABBAF2D0A208100071D7B /* Resources */ = {
			isa = PBXResourcesBuildPhase;
			buildActionMask = 2147483647;
			files = (
				133ABBB02D0A208100071D7B /* LaunchScreen.storyboard in Resources */,
				133ABBB12D0A208100071D7B /* Assets.xcassets in Resources */,
				133ABBB22D0A208100071D7B /* Main.storyboard in Resources */,
			);
			runOnlyForDeploymentPostprocessing = 0;
		};
		133ABBCD2D0A208C00071D7B /* Resources */ = {
			isa = PBXResourcesBuildPhase;
			buildActionMask = 2147483647;
			files = (
				133ABBCE2D0A208C00071D7B /* LaunchScreen.storyboard in Resources */,
				133ABBCF2D0A208C00071D7B /* Assets.xcassets in Resources */,
				133ABBD02D0A208C00071D7B /* Main.storyboard in Resources */,
			);
			runOnlyForDeploymentPostprocessing = 0;
		};
		133ABBEB2D0A20A500071D7B /* Resources */ = {
			isa = PBXResourcesBuildPhase;
			buildActionMask = 2147483647;
			files = (
				133ABBEC2D0A20A500071D7B /* LaunchScreen.storyboard in Resources */,
				133ABBED2D0A20A500071D7B /* Assets.xcassets in Resources */,
				133ABBEE2D0A20A500071D7B /* Main.storyboard in Resources */,
			);
			runOnlyForDeploymentPostprocessing = 0;
		};
		139BCA252D09CA290056AE37 /* Resources */ = {
			isa = PBXResourcesBuildPhase;
			buildActionMask = 2147483647;
			files = (
				139BCA3A2D09CA2B0056AE37 /* LaunchScreen.storyboard in Resources */,
				139BCA372D09CA2B0056AE37 /* Assets.xcassets in Resources */,
				139BCA322D09CA290056AE37 /* Main.storyboard in Resources */,
			);
			runOnlyForDeploymentPostprocessing = 0;
		};
/* End PBXResourcesBuildPhase section */

/* Begin PBXSourcesBuildPhase section */
		133ABB9D2D0A208100071D7B /* Sources */ = {
			isa = PBXSourcesBuildPhase;
			buildActionMask = 2147483647;
			files = (
				133ABB9E2D0A208100071D7B /* CustomNavigationController.swift in Sources */,
				133ABB9F2D0A208100071D7B /* Action.swift in Sources */,
				133ABBA02D0A208100071D7B /* UIViewController+Extension.swift in Sources */,
				133ABBA12D0A208100071D7B /* UIView+Extension.swift in Sources */,
				133ABBA22D0A208100071D7B /* SwiftUIViewController.swift in Sources */,
				133ABBA32D0A208100071D7B /* ViewController.swift in Sources */,
				133ABBA42D0A208100071D7B /* WebViewController.swift in Sources */,
				133ABBA52D0A208100071D7B /* BaseViewController.swift in Sources */,
				133ABBA62D0A208100071D7B /* UIColor+Extension.swift in Sources */,
				133ABBA72D0A208100071D7B /* SwiftUIView.swift in Sources */,
				133ABBA82D0A208100071D7B /* AppDelegate.swift in Sources */,
				133ABBA92D0A208100071D7B /* CustomTabBarController.swift in Sources */,
				133ABBAA2D0A208100071D7B /* PerformanceTest.xcdatamodeld in Sources */,
				133ABBAB2D0A208100071D7B /* SceneDelegate.swift in Sources */,
				133ABBAC2D0A208100071D7B /* ContainerYViewController.swift in Sources */,
			);
			runOnlyForDeploymentPostprocessing = 0;
		};
		133ABBBB2D0A208C00071D7B /* Sources */ = {
			isa = PBXSourcesBuildPhase;
			buildActionMask = 2147483647;
			files = (
				133ABBBC2D0A208C00071D7B /* CustomNavigationController.swift in Sources */,
				133ABBBD2D0A208C00071D7B /* Action.swift in Sources */,
				133ABBBE2D0A208C00071D7B /* UIViewController+Extension.swift in Sources */,
				133ABBBF2D0A208C00071D7B /* UIView+Extension.swift in Sources */,
				133ABBC02D0A208C00071D7B /* SwiftUIViewController.swift in Sources */,
				133ABBC12D0A208C00071D7B /* ViewController.swift in Sources */,
				133ABBC22D0A208C00071D7B /* WebViewController.swift in Sources */,
				133ABBC32D0A208C00071D7B /* BaseViewController.swift in Sources */,
				133ABBC42D0A208C00071D7B /* UIColor+Extension.swift in Sources */,
				133ABBC52D0A208C00071D7B /* SwiftUIView.swift in Sources */,
				133ABBC62D0A208C00071D7B /* AppDelegate.swift in Sources */,
				133ABBC72D0A208C00071D7B /* CustomTabBarController.swift in Sources */,
				133ABBC82D0A208C00071D7B /* PerformanceTest.xcdatamodeld in Sources */,
				133ABBC92D0A208C00071D7B /* SceneDelegate.swift in Sources */,
				133ABBCA2D0A208C00071D7B /* ContainerYViewController.swift in Sources */,
			);
			runOnlyForDeploymentPostprocessing = 0;
		};
		133ABBD92D0A20A500071D7B /* Sources */ = {
			isa = PBXSourcesBuildPhase;
			buildActionMask = 2147483647;
			files = (
				133ABBDA2D0A20A500071D7B /* CustomNavigationController.swift in Sources */,
				133ABBDB2D0A20A500071D7B /* Action.swift in Sources */,
				133ABBDC2D0A20A500071D7B /* UIViewController+Extension.swift in Sources */,
				133ABBDD2D0A20A500071D7B /* UIView+Extension.swift in Sources */,
				133ABBDE2D0A20A500071D7B /* SwiftUIViewController.swift in Sources */,
				133ABBDF2D0A20A500071D7B /* ViewController.swift in Sources */,
				133ABBE02D0A20A500071D7B /* WebViewController.swift in Sources */,
				133ABBE12D0A20A500071D7B /* BaseViewController.swift in Sources */,
				133ABBE22D0A20A500071D7B /* UIColor+Extension.swift in Sources */,
				133ABBE32D0A20A500071D7B /* SwiftUIView.swift in Sources */,
				133ABBE42D0A20A500071D7B /* AppDelegate.swift in Sources */,
				133ABBE52D0A20A500071D7B /* CustomTabBarController.swift in Sources */,
				133ABBE62D0A20A500071D7B /* PerformanceTest.xcdatamodeld in Sources */,
				133ABBE72D0A20A500071D7B /* SceneDelegate.swift in Sources */,
				133ABBE82D0A20A500071D7B /* ContainerYViewController.swift in Sources */,
			);
			runOnlyForDeploymentPostprocessing = 0;
		};
		139BCA232D09CA290056AE37 /* Sources */ = {
			isa = PBXSourcesBuildPhase;
			buildActionMask = 2147483647;
			files = (
				139BCA442D09CBA00056AE37 /* CustomNavigationController.swift in Sources */,
				139BCA572D09EA040056AE37 /* Action.swift in Sources */,
				139BCA512D09CF400056AE37 /* UIViewController+Extension.swift in Sources */,
				139BCA5F2D09ED330056AE37 /* UIView+Extension.swift in Sources */,
				139BCA492D09CC9B0056AE37 /* SwiftUIViewController.swift in Sources */,
				139BCA2F2D09CA290056AE37 /* ViewController.swift in Sources */,
				139BCA4B2D09CDD50056AE37 /* WebViewController.swift in Sources */,
				139BCA542D09D4CA0056AE37 /* BaseViewController.swift in Sources */,
				139BCA5D2D09EB3C0056AE37 /* UIColor+Extension.swift in Sources */,
				139BCA4F2D09CE630056AE37 /* SwiftUIView.swift in Sources */,
				139BCA2B2D09CA290056AE37 /* AppDelegate.swift in Sources */,
				139BCA422D09CB640056AE37 /* CustomTabBarController.swift in Sources */,
				139BCA352D09CA290056AE37 /* PerformanceTest.xcdatamodeld in Sources */,
				139BCA2D2D09CA290056AE37 /* SceneDelegate.swift in Sources */,
				139BCA4D2D09CDE20056AE37 /* ContainerYViewController.swift in Sources */,
			);
			runOnlyForDeploymentPostprocessing = 0;
		};
/* End PBXSourcesBuildPhase section */

/* Begin PBXVariantGroup section */
		139BCA302D09CA290056AE37 /* Main.storyboard */ = {
			isa = PBXVariantGroup;
			children = (
				139BCA312D09CA290056AE37 /* Base */,
			);
			name = Main.storyboard;
			sourceTree = "<group>";
		};
		139BCA382D09CA2B0056AE37 /* LaunchScreen.storyboard */ = {
			isa = PBXVariantGroup;
			children = (
				139BCA392D09CA2B0056AE37 /* Base */,
			);
			name = LaunchScreen.storyboard;
			sourceTree = "<group>";
		};
/* End PBXVariantGroup section */

/* Begin XCBuildConfiguration section */
		133ABBB42D0A208100071D7B /* Debug */ = {
			isa = XCBuildConfiguration;
			baseConfigurationReference = 133ABB982D0A109600071D7B /* ConfigDEBUG.xcconfig */;
			buildSettings = {
				ASSETCATALOG_COMPILER_APPICON_NAME = AppIcon;
				ASSETCATALOG_COMPILER_GLOBAL_ACCENT_COLOR_NAME = AccentColor;
				CODE_SIGN_STYLE = Automatic;
				CURRENT_PROJECT_VERSION = 1;
				GENERATE_INFOPLIST_FILE = YES;
				INFOPLIST_FILE = "PerformanceTest/PerformanceTest-Datadog-Info.plist";
				INFOPLIST_KEY_UIApplicationSupportsIndirectInputEvents = YES;
				INFOPLIST_KEY_UILaunchStoryboardName = LaunchScreen;
				INFOPLIST_KEY_UIMainStoryboardFile = Main;
				INFOPLIST_KEY_UISupportedInterfaceOrientations_iPad = "UIInterfaceOrientationPortrait UIInterfaceOrientationPortraitUpsideDown UIInterfaceOrientationLandscapeLeft UIInterfaceOrientationLandscapeRight";
				INFOPLIST_KEY_UISupportedInterfaceOrientations_iPhone = "UIInterfaceOrientationPortrait UIInterfaceOrientationLandscapeLeft UIInterfaceOrientationLandscapeRight";
				LD_RUNPATH_SEARCH_PATHS = (
					"$(inherited)",
					"@executable_path/Frameworks",
				);
				MARKETING_VERSION = 1.0;
				PRODUCT_BUNDLE_IDENTIFIER = com.mak.PerformanceTest;
				PRODUCT_NAME = "$(TARGET_NAME)";
				SWIFT_EMIT_LOC_STRINGS = YES;
				SWIFT_VERSION = 5.0;
				TARGETED_DEVICE_FAMILY = "1,2";
			};
			name = Debug;
		};
		133ABBB52D0A208100071D7B /* Release */ = {
			isa = XCBuildConfiguration;
			buildSettings = {
				ASSETCATALOG_COMPILER_APPICON_NAME = AppIcon;
				ASSETCATALOG_COMPILER_GLOBAL_ACCENT_COLOR_NAME = AccentColor;
				CODE_SIGN_STYLE = Automatic;
				CURRENT_PROJECT_VERSION = 1;
				GENERATE_INFOPLIST_FILE = YES;
				INFOPLIST_FILE = "PerformanceTest/PerformanceTest-Datadog-Info.plist";
				INFOPLIST_KEY_UIApplicationSupportsIndirectInputEvents = YES;
				INFOPLIST_KEY_UILaunchStoryboardName = LaunchScreen;
				INFOPLIST_KEY_UIMainStoryboardFile = Main;
				INFOPLIST_KEY_UISupportedInterfaceOrientations_iPad = "UIInterfaceOrientationPortrait UIInterfaceOrientationPortraitUpsideDown UIInterfaceOrientationLandscapeLeft UIInterfaceOrientationLandscapeRight";
				INFOPLIST_KEY_UISupportedInterfaceOrientations_iPhone = "UIInterfaceOrientationPortrait UIInterfaceOrientationLandscapeLeft UIInterfaceOrientationLandscapeRight";
				LD_RUNPATH_SEARCH_PATHS = (
					"$(inherited)",
					"@executable_path/Frameworks",
				);
				MARKETING_VERSION = 1.0;
				PRODUCT_BUNDLE_IDENTIFIER = com.mak.PerformanceTest;
				PRODUCT_NAME = "$(TARGET_NAME)";
				SWIFT_EMIT_LOC_STRINGS = YES;
				SWIFT_VERSION = 5.0;
				TARGETED_DEVICE_FAMILY = "1,2";
			};
			name = Release;
		};
		133ABBD22D0A208C00071D7B /* Debug */ = {
			isa = XCBuildConfiguration;
			baseConfigurationReference = 133ABB982D0A109600071D7B /* ConfigDEBUG.xcconfig */;
			buildSettings = {
				ASSETCATALOG_COMPILER_APPICON_NAME = AppIcon;
				ASSETCATALOG_COMPILER_GLOBAL_ACCENT_COLOR_NAME = AccentColor;
				CODE_SIGN_STYLE = Automatic;
				CURRENT_PROJECT_VERSION = 1;
				GENERATE_INFOPLIST_FILE = YES;
				INFOPLIST_FILE = "PerformanceTest/PerformanceTest-Embrace-Info.plist";
				INFOPLIST_KEY_UIApplicationSupportsIndirectInputEvents = YES;
				INFOPLIST_KEY_UILaunchStoryboardName = LaunchScreen;
				INFOPLIST_KEY_UIMainStoryboardFile = Main;
				INFOPLIST_KEY_UISupportedInterfaceOrientations_iPad = "UIInterfaceOrientationPortrait UIInterfaceOrientationPortraitUpsideDown UIInterfaceOrientationLandscapeLeft UIInterfaceOrientationLandscapeRight";
				INFOPLIST_KEY_UISupportedInterfaceOrientations_iPhone = "UIInterfaceOrientationPortrait UIInterfaceOrientationLandscapeLeft UIInterfaceOrientationLandscapeRight";
				LD_RUNPATH_SEARCH_PATHS = (
					"$(inherited)",
					"@executable_path/Frameworks",
				);
				MARKETING_VERSION = 1.0;
				PRODUCT_BUNDLE_IDENTIFIER = com.mak.PerformanceTest;
				PRODUCT_NAME = "$(TARGET_NAME)";
				SWIFT_EMIT_LOC_STRINGS = YES;
				SWIFT_VERSION = 5.0;
				TARGETED_DEVICE_FAMILY = "1,2";
			};
			name = Debug;
		};
		133ABBD32D0A208C00071D7B /* Release */ = {
			isa = XCBuildConfiguration;
			buildSettings = {
				ASSETCATALOG_COMPILER_APPICON_NAME = AppIcon;
				ASSETCATALOG_COMPILER_GLOBAL_ACCENT_COLOR_NAME = AccentColor;
				CODE_SIGN_STYLE = Automatic;
				CURRENT_PROJECT_VERSION = 1;
				GENERATE_INFOPLIST_FILE = YES;
				INFOPLIST_FILE = "PerformanceTest/PerformanceTest-Embrace-Info.plist";
				INFOPLIST_KEY_UIApplicationSupportsIndirectInputEvents = YES;
				INFOPLIST_KEY_UILaunchStoryboardName = LaunchScreen;
				INFOPLIST_KEY_UIMainStoryboardFile = Main;
				INFOPLIST_KEY_UISupportedInterfaceOrientations_iPad = "UIInterfaceOrientationPortrait UIInterfaceOrientationPortraitUpsideDown UIInterfaceOrientationLandscapeLeft UIInterfaceOrientationLandscapeRight";
				INFOPLIST_KEY_UISupportedInterfaceOrientations_iPhone = "UIInterfaceOrientationPortrait UIInterfaceOrientationLandscapeLeft UIInterfaceOrientationLandscapeRight";
				LD_RUNPATH_SEARCH_PATHS = (
					"$(inherited)",
					"@executable_path/Frameworks",
				);
				MARKETING_VERSION = 1.0;
				PRODUCT_BUNDLE_IDENTIFIER = com.mak.PerformanceTest;
				PRODUCT_NAME = "$(TARGET_NAME)";
				SWIFT_EMIT_LOC_STRINGS = YES;
				SWIFT_VERSION = 5.0;
				TARGETED_DEVICE_FAMILY = "1,2";
			};
			name = Release;
		};
		133ABBF02D0A20A500071D7B /* Debug */ = {
			isa = XCBuildConfiguration;
			baseConfigurationReference = 133ABB982D0A109600071D7B /* ConfigDEBUG.xcconfig */;
			buildSettings = {
				ASSETCATALOG_COMPILER_APPICON_NAME = AppIcon;
				ASSETCATALOG_COMPILER_GLOBAL_ACCENT_COLOR_NAME = AccentColor;
				CODE_SIGN_STYLE = Automatic;
				CURRENT_PROJECT_VERSION = 1;
				GENERATE_INFOPLIST_FILE = YES;
				INFOPLIST_FILE = "PerformanceTest/PerformanceTest-Instabug-Info.plist";
				INFOPLIST_KEY_UIApplicationSupportsIndirectInputEvents = YES;
				INFOPLIST_KEY_UILaunchStoryboardName = LaunchScreen;
				INFOPLIST_KEY_UIMainStoryboardFile = Main;
				INFOPLIST_KEY_UISupportedInterfaceOrientations_iPad = "UIInterfaceOrientationPortrait UIInterfaceOrientationPortraitUpsideDown UIInterfaceOrientationLandscapeLeft UIInterfaceOrientationLandscapeRight";
				INFOPLIST_KEY_UISupportedInterfaceOrientations_iPhone = "UIInterfaceOrientationPortrait UIInterfaceOrientationLandscapeLeft UIInterfaceOrientationLandscapeRight";
				LD_RUNPATH_SEARCH_PATHS = (
					"$(inherited)",
					"@executable_path/Frameworks",
				);
				MARKETING_VERSION = 1.0;
				PRODUCT_BUNDLE_IDENTIFIER = com.mak.PerformanceTest;
				PRODUCT_NAME = "$(TARGET_NAME)";
				SWIFT_EMIT_LOC_STRINGS = YES;
				SWIFT_VERSION = 5.0;
				TARGETED_DEVICE_FAMILY = "1,2";
			};
			name = Debug;
		};
		133ABBF12D0A20A500071D7B /* Release */ = {
			isa = XCBuildConfiguration;
			buildSettings = {
				ASSETCATALOG_COMPILER_APPICON_NAME = AppIcon;
				ASSETCATALOG_COMPILER_GLOBAL_ACCENT_COLOR_NAME = AccentColor;
				CODE_SIGN_STYLE = Automatic;
				CURRENT_PROJECT_VERSION = 1;
				GENERATE_INFOPLIST_FILE = YES;
				INFOPLIST_FILE = "PerformanceTest/PerformanceTest-Instabug-Info.plist";
				INFOPLIST_KEY_UIApplicationSupportsIndirectInputEvents = YES;
				INFOPLIST_KEY_UILaunchStoryboardName = LaunchScreen;
				INFOPLIST_KEY_UIMainStoryboardFile = Main;
				INFOPLIST_KEY_UISupportedInterfaceOrientations_iPad = "UIInterfaceOrientationPortrait UIInterfaceOrientationPortraitUpsideDown UIInterfaceOrientationLandscapeLeft UIInterfaceOrientationLandscapeRight";
				INFOPLIST_KEY_UISupportedInterfaceOrientations_iPhone = "UIInterfaceOrientationPortrait UIInterfaceOrientationLandscapeLeft UIInterfaceOrientationLandscapeRight";
				LD_RUNPATH_SEARCH_PATHS = (
					"$(inherited)",
					"@executable_path/Frameworks",
				);
				MARKETING_VERSION = 1.0;
				PRODUCT_BUNDLE_IDENTIFIER = com.mak.PerformanceTest;
				PRODUCT_NAME = "$(TARGET_NAME)";
				SWIFT_EMIT_LOC_STRINGS = YES;
				SWIFT_VERSION = 5.0;
				TARGETED_DEVICE_FAMILY = "1,2";
			};
			name = Release;
		};
		139BCA3C2D09CA2B0056AE37 /* Debug */ = {
			isa = XCBuildConfiguration;
			buildSettings = {
				ALWAYS_SEARCH_USER_PATHS = NO;
				ASSETCATALOG_COMPILER_GENERATE_SWIFT_ASSET_SYMBOL_EXTENSIONS = YES;
				CLANG_ANALYZER_NONNULL = YES;
				CLANG_ANALYZER_NUMBER_OBJECT_CONVERSION = YES_AGGRESSIVE;
				CLANG_CXX_LANGUAGE_STANDARD = "gnu++20";
				CLANG_ENABLE_MODULES = YES;
				CLANG_ENABLE_OBJC_ARC = YES;
				CLANG_ENABLE_OBJC_WEAK = YES;
				CLANG_WARN_BLOCK_CAPTURE_AUTORELEASING = YES;
				CLANG_WARN_BOOL_CONVERSION = YES;
				CLANG_WARN_COMMA = YES;
				CLANG_WARN_CONSTANT_CONVERSION = YES;
				CLANG_WARN_DEPRECATED_OBJC_IMPLEMENTATIONS = YES;
				CLANG_WARN_DIRECT_OBJC_ISA_USAGE = YES_ERROR;
				CLANG_WARN_DOCUMENTATION_COMMENTS = YES;
				CLANG_WARN_EMPTY_BODY = YES;
				CLANG_WARN_ENUM_CONVERSION = YES;
				CLANG_WARN_INFINITE_RECURSION = YES;
				CLANG_WARN_INT_CONVERSION = YES;
				CLANG_WARN_NON_LITERAL_NULL_CONVERSION = YES;
				CLANG_WARN_OBJC_IMPLICIT_RETAIN_SELF = YES;
				CLANG_WARN_OBJC_LITERAL_CONVERSION = YES;
				CLANG_WARN_OBJC_ROOT_CLASS = YES_ERROR;
				CLANG_WARN_QUOTED_INCLUDE_IN_FRAMEWORK_HEADER = YES;
				CLANG_WARN_RANGE_LOOP_ANALYSIS = YES;
				CLANG_WARN_STRICT_PROTOTYPES = YES;
				CLANG_WARN_SUSPICIOUS_MOVE = YES;
				CLANG_WARN_UNGUARDED_AVAILABILITY = YES_AGGRESSIVE;
				CLANG_WARN_UNREACHABLE_CODE = YES;
				CLANG_WARN__DUPLICATE_METHOD_MATCH = YES;
				COPY_PHASE_STRIP = NO;
				DEBUG_INFORMATION_FORMAT = dwarf;
				ENABLE_STRICT_OBJC_MSGSEND = YES;
				ENABLE_TESTABILITY = YES;
				ENABLE_USER_SCRIPT_SANDBOXING = YES;
				GCC_C_LANGUAGE_STANDARD = gnu17;
				GCC_DYNAMIC_NO_PIC = NO;
				GCC_NO_COMMON_BLOCKS = YES;
				GCC_OPTIMIZATION_LEVEL = 0;
				GCC_PREPROCESSOR_DEFINITIONS = (
					"DEBUG=1",
					"$(inherited)",
				);
				GCC_WARN_64_TO_32_BIT_CONVERSION = YES;
				GCC_WARN_ABOUT_RETURN_TYPE = YES_ERROR;
				GCC_WARN_UNDECLARED_SELECTOR = YES;
				GCC_WARN_UNINITIALIZED_AUTOS = YES_AGGRESSIVE;
				GCC_WARN_UNUSED_FUNCTION = YES;
				GCC_WARN_UNUSED_VARIABLE = YES;
				IPHONEOS_DEPLOYMENT_TARGET = 17.0;
				LOCALIZATION_PREFERS_STRING_CATALOGS = YES;
				MTL_ENABLE_DEBUG_INFO = INCLUDE_SOURCE;
				MTL_FAST_MATH = YES;
				ONLY_ACTIVE_ARCH = YES;
				SDKROOT = iphoneos;
				SWIFT_ACTIVE_COMPILATION_CONDITIONS = "DEBUG $(inherited)";
				SWIFT_OPTIMIZATION_LEVEL = "-Onone";
			};
			name = Debug;
		};
		139BCA3D2D09CA2B0056AE37 /* Release */ = {
			isa = XCBuildConfiguration;
			buildSettings = {
				ALWAYS_SEARCH_USER_PATHS = NO;
				ASSETCATALOG_COMPILER_GENERATE_SWIFT_ASSET_SYMBOL_EXTENSIONS = YES;
				CLANG_ANALYZER_NONNULL = YES;
				CLANG_ANALYZER_NUMBER_OBJECT_CONVERSION = YES_AGGRESSIVE;
				CLANG_CXX_LANGUAGE_STANDARD = "gnu++20";
				CLANG_ENABLE_MODULES = YES;
				CLANG_ENABLE_OBJC_ARC = YES;
				CLANG_ENABLE_OBJC_WEAK = YES;
				CLANG_WARN_BLOCK_CAPTURE_AUTORELEASING = YES;
				CLANG_WARN_BOOL_CONVERSION = YES;
				CLANG_WARN_COMMA = YES;
				CLANG_WARN_CONSTANT_CONVERSION = YES;
				CLANG_WARN_DEPRECATED_OBJC_IMPLEMENTATIONS = YES;
				CLANG_WARN_DIRECT_OBJC_ISA_USAGE = YES_ERROR;
				CLANG_WARN_DOCUMENTATION_COMMENTS = YES;
				CLANG_WARN_EMPTY_BODY = YES;
				CLANG_WARN_ENUM_CONVERSION = YES;
				CLANG_WARN_INFINITE_RECURSION = YES;
				CLANG_WARN_INT_CONVERSION = YES;
				CLANG_WARN_NON_LITERAL_NULL_CONVERSION = YES;
				CLANG_WARN_OBJC_IMPLICIT_RETAIN_SELF = YES;
				CLANG_WARN_OBJC_LITERAL_CONVERSION = YES;
				CLANG_WARN_OBJC_ROOT_CLASS = YES_ERROR;
				CLANG_WARN_QUOTED_INCLUDE_IN_FRAMEWORK_HEADER = YES;
				CLANG_WARN_RANGE_LOOP_ANALYSIS = YES;
				CLANG_WARN_STRICT_PROTOTYPES = YES;
				CLANG_WARN_SUSPICIOUS_MOVE = YES;
				CLANG_WARN_UNGUARDED_AVAILABILITY = YES_AGGRESSIVE;
				CLANG_WARN_UNREACHABLE_CODE = YES;
				CLANG_WARN__DUPLICATE_METHOD_MATCH = YES;
				COPY_PHASE_STRIP = NO;
				DEBUG_INFORMATION_FORMAT = "dwarf-with-dsym";
				ENABLE_NS_ASSERTIONS = NO;
				ENABLE_STRICT_OBJC_MSGSEND = YES;
				ENABLE_USER_SCRIPT_SANDBOXING = YES;
				GCC_C_LANGUAGE_STANDARD = gnu17;
				GCC_NO_COMMON_BLOCKS = YES;
				GCC_WARN_64_TO_32_BIT_CONVERSION = YES;
				GCC_WARN_ABOUT_RETURN_TYPE = YES_ERROR;
				GCC_WARN_UNDECLARED_SELECTOR = YES;
				GCC_WARN_UNINITIALIZED_AUTOS = YES_AGGRESSIVE;
				GCC_WARN_UNUSED_FUNCTION = YES;
				GCC_WARN_UNUSED_VARIABLE = YES;
				IPHONEOS_DEPLOYMENT_TARGET = 17.0;
				LOCALIZATION_PREFERS_STRING_CATALOGS = YES;
				MTL_ENABLE_DEBUG_INFO = NO;
				MTL_FAST_MATH = YES;
				SDKROOT = iphoneos;
				SWIFT_COMPILATION_MODE = wholemodule;
				VALIDATE_PRODUCT = YES;
			};
			name = Release;
		};
		139BCA3F2D09CA2B0056AE37 /* Debug */ = {
			isa = XCBuildConfiguration;
			baseConfigurationReference = 133ABB982D0A109600071D7B /* ConfigDEBUG.xcconfig */;
			buildSettings = {
				ASSETCATALOG_COMPILER_APPICON_NAME = AppIcon;
				ASSETCATALOG_COMPILER_GLOBAL_ACCENT_COLOR_NAME = AccentColor;
				CODE_SIGN_STYLE = Automatic;
				CURRENT_PROJECT_VERSION = 1;
				GENERATE_INFOPLIST_FILE = YES;
				INFOPLIST_FILE = "PerformanceTest/PerformanceTest-Bugsnag-Info.plist";
				INFOPLIST_KEY_UIApplicationSupportsIndirectInputEvents = YES;
				INFOPLIST_KEY_UILaunchStoryboardName = LaunchScreen;
				INFOPLIST_KEY_UIMainStoryboardFile = Main;
				INFOPLIST_KEY_UISupportedInterfaceOrientations_iPad = "UIInterfaceOrientationPortrait UIInterfaceOrientationPortraitUpsideDown UIInterfaceOrientationLandscapeLeft UIInterfaceOrientationLandscapeRight";
				INFOPLIST_KEY_UISupportedInterfaceOrientations_iPhone = "UIInterfaceOrientationPortrait UIInterfaceOrientationLandscapeLeft UIInterfaceOrientationLandscapeRight";
				LD_RUNPATH_SEARCH_PATHS = (
					"$(inherited)",
					"@executable_path/Frameworks",
				);
				MARKETING_VERSION = 1.0;
				PRODUCT_BUNDLE_IDENTIFIER = com.mak.PerformanceTest;
				PRODUCT_NAME = "$(TARGET_NAME)";
				SWIFT_EMIT_LOC_STRINGS = YES;
				SWIFT_VERSION = 5.0;
				TARGETED_DEVICE_FAMILY = "1,2";
			};
			name = Debug;
		};
		139BCA402D09CA2B0056AE37 /* Release */ = {
			isa = XCBuildConfiguration;
			buildSettings = {
				ASSETCATALOG_COMPILER_APPICON_NAME = AppIcon;
				ASSETCATALOG_COMPILER_GLOBAL_ACCENT_COLOR_NAME = AccentColor;
				CODE_SIGN_STYLE = Automatic;
				CURRENT_PROJECT_VERSION = 1;
				GENERATE_INFOPLIST_FILE = YES;
				INFOPLIST_FILE = "PerformanceTest/PerformanceTest-Bugsnag-Info.plist";
				INFOPLIST_KEY_UIApplicationSupportsIndirectInputEvents = YES;
				INFOPLIST_KEY_UILaunchStoryboardName = LaunchScreen;
				INFOPLIST_KEY_UIMainStoryboardFile = Main;
				INFOPLIST_KEY_UISupportedInterfaceOrientations_iPad = "UIInterfaceOrientationPortrait UIInterfaceOrientationPortraitUpsideDown UIInterfaceOrientationLandscapeLeft UIInterfaceOrientationLandscapeRight";
				INFOPLIST_KEY_UISupportedInterfaceOrientations_iPhone = "UIInterfaceOrientationPortrait UIInterfaceOrientationLandscapeLeft UIInterfaceOrientationLandscapeRight";
				LD_RUNPATH_SEARCH_PATHS = (
					"$(inherited)",
					"@executable_path/Frameworks",
				);
				MARKETING_VERSION = 1.0;
				PRODUCT_BUNDLE_IDENTIFIER = com.mak.PerformanceTest;
				PRODUCT_NAME = "$(TARGET_NAME)";
				SWIFT_EMIT_LOC_STRINGS = YES;
				SWIFT_VERSION = 5.0;
				TARGETED_DEVICE_FAMILY = "1,2";
			};
			name = Release;
		};
/* End XCBuildConfiguration section */

/* Begin XCConfigurationList section */
		133ABBB32D0A208100071D7B /* Build configuration list for PBXNativeTarget "PerformanceTest_Datadog" */ = {
			isa = XCConfigurationList;
			buildConfigurations = (
				133ABBB42D0A208100071D7B /* Debug */,
				133ABBB52D0A208100071D7B /* Release */,
			);
			defaultConfigurationIsVisible = 0;
			defaultConfigurationName = Release;
		};
		133ABBD12D0A208C00071D7B /* Build configuration list for PBXNativeTarget "PerformanceTest_Embrace" */ = {
			isa = XCConfigurationList;
			buildConfigurations = (
				133ABBD22D0A208C00071D7B /* Debug */,
				133ABBD32D0A208C00071D7B /* Release */,
			);
			defaultConfigurationIsVisible = 0;
			defaultConfigurationName = Release;
		};
		133ABBEF2D0A20A500071D7B /* Build configuration list for PBXNativeTarget "PerformanceTest_Instabug" */ = {
			isa = XCConfigurationList;
			buildConfigurations = (
				133ABBF02D0A20A500071D7B /* Debug */,
				133ABBF12D0A20A500071D7B /* Release */,
			);
			defaultConfigurationIsVisible = 0;
			defaultConfigurationName = Release;
		};
		139BCA222D09CA290056AE37 /* Build configuration list for PBXProject "PerformanceTest" */ = {
			isa = XCConfigurationList;
			buildConfigurations = (
				139BCA3C2D09CA2B0056AE37 /* Debug */,
				139BCA3D2D09CA2B0056AE37 /* Release */,
			);
			defaultConfigurationIsVisible = 0;
			defaultConfigurationName = Release;
		};
		139BCA3E2D09CA2B0056AE37 /* Build configuration list for PBXNativeTarget "PerformanceTest_Bugsnag" */ = {
			isa = XCConfigurationList;
			buildConfigurations = (
				139BCA3F2D09CA2B0056AE37 /* Debug */,
				139BCA402D09CA2B0056AE37 /* Release */,
			);
			defaultConfigurationIsVisible = 0;
			defaultConfigurationName = Release;
		};
/* End XCConfigurationList section */

/* Begin XCLocalSwiftPackageReference section */
		13B791862D0CAF9800939E5C /* XCLocalSwiftPackageReference "../../RUMWrapper" */ = {
			isa = XCLocalSwiftPackageReference;
			relativePath = ../../RUMWrapper;
		};
/* End XCLocalSwiftPackageReference section */

/* Begin XCSwiftPackageProductDependency section */
		13B791872D0CAF9800939E5C /* BugsnagWrapper */ = {
			isa = XCSwiftPackageProductDependency;
			productName = BugsnagWrapper;
		};
		13B791892D0CAF9800939E5C /* DatadogWrapper */ = {
			isa = XCSwiftPackageProductDependency;
			productName = DatadogWrapper;
		};
		13B7918B2D0CAF9800939E5C /* EmbraceWrapper */ = {
			isa = XCSwiftPackageProductDependency;
			productName = EmbraceWrapper;
		};
		13B7918D2D0CAF9800939E5C /* InstabugWrapper */ = {
			isa = XCSwiftPackageProductDependency;
			productName = InstabugWrapper;
		};
/* End XCSwiftPackageProductDependency section */

/* Begin XCVersionGroup section */
		139BCA332D09CA290056AE37 /* PerformanceTest.xcdatamodeld */ = {
			isa = XCVersionGroup;
			children = (
				139BCA342D09CA290056AE37 /* PerformanceTest.xcdatamodel */,
			);
			currentVersion = 139BCA342D09CA290056AE37 /* PerformanceTest.xcdatamodel */;
			path = PerformanceTest.xcdatamodeld;
			sourceTree = "<group>";
			versionGroupType = wrapper.xcdatamodel;
		};
/* End XCVersionGroup section */
	};
	rootObject = 139BCA1F2D09CA290056AE37 /* Project object */;
}
